<Solution>
  <Folder Name="/.github/">
    <File Path=".github/renovate.json" />
  </Folder>
  <Folder Name="/.github/workflows/">
    <File Path=".github/workflows/build-and-test.yml" />
    <File Path=".github/workflows/codeql.yml" />
    <File Path=".github/workflows/daily-automatic-update.yml" />
  </Folder>
  <Folder Name="/src/">
    <Project Path="src/Soenneker.GitHub.Runners.OpenApiClient/Soenneker.GitHub.Runners.OpenApiClient.csproj" />
  </Folder>
  <Folder Name="/test/">
    <Project Path="test/Soenneker.GitHub.Runners.OpenApiClient.Tests/Soenneker.GitHub.Runners.OpenApiClient.Tests.csproj" />
  </Folder>
</Solution>